
Microsoft Visual Studio Solution File, Format Version 12.00
# Visual Studio Version 17
VisualStudioVersion = 17.13.35806.99 d17.13
MinimumVisualStudioVersion = 10.0.40219.1
Project("{FAE04EC0-301F-11D3-BF4B-00C04F79EFBC}") = "FundooNotesApp", "FundooNotesApp.csproj", "{1E7FE11D-CFD7-4240-A0C3-E599EAD6C77E}"
EndProject
Project("{FAE04EC0-301F-11D3-BF4B-00C04F79EFBC}") = "CommonLayer", "..\CommonLayer\CommonLayer.csproj", "{8A599F8B-0EC7-424B-BBE1-74A0DF5A427E}"
EndProject
Project("{FAE04EC0-301F-11D3-BF4B-00C04F79EFBC}") = "RepositoryLayer", "..\RepositoryLayer\RepositoryLayer.csproj", "{F12D88A9-6A71-4F88-9F6F-764012D4F367}"
EndProject
Project("{FAE04EC0-301F-11D3-BF4B-00C04F79EFBC}") = "ManagerLayer", "..\ManagerLayer\ManagerLayer.csproj", "{11234C13-539B-4947-82FD-80B5464D3394}"
EndProject
Global
	GlobalSection(SolutionConfigurationPlatforms) = preSolution
		Debug|Any CPU = Debug|Any CPU
		Release|Any CPU = Release|Any CPU
	EndGlobalSection
	GlobalSection(ProjectConfigurationPlatforms) = postSolution
		{1E7FE11D-CFD7-4240-A0C3-E599EAD6C77E}.Debug|Any CPU.ActiveCfg = Debug|Any CPU
		{1E7FE11D-CFD7-4240-A0C3-E599EAD6C77E}.Debug|Any CPU.Build.0 = Debug|Any CPU
		{1E7FE11D-CFD7-4240-A0C3-E599EAD6C77E}.Release|Any CPU.ActiveCfg = Release|Any CPU
		{1E7FE11D-CFD7-4240-A0C3-E599EAD6C77E}.Release|Any CPU.Build.0 = Release|Any CPU
		{8A599F8B-0EC7-424B-BBE1-74A0DF5A427E}.Debug|Any CPU.ActiveCfg = Debug|Any CPU
		{8A599F8B-0EC7-424B-BBE1-74A0DF5A427E}.Debug|Any CPU.Build.0 = Debug|Any CPU
		{8A599F8B-0EC7-424B-BBE1-74A0DF5A427E}.Release|Any CPU.ActiveCfg = Release|Any CPU
		{8A599F8B-0EC7-424B-BBE1-74A0DF5A427E}.Release|Any CPU.Build.0 = Release|Any CPU
		{F12D88A9-6A71-4F88-9F6F-764012D4F367}.Debug|Any CPU.ActiveCfg = Debug|Any CPU
		{F12D88A9-6A71-4F88-9F6F-764012D4F367}.Debug|Any CPU.Build.0 = Debug|Any CPU
		{F12D88A9-6A71-4F88-9F6F-764012D4F367}.Release|Any CPU.ActiveCfg = Release|Any CPU
		{F12D88A9-6A71-4F88-9F6F-764012D4F367}.Release|Any CPU.Build.0 = Release|Any CPU
		{11234C13-539B-4947-82FD-80B5464D3394}.Debug|Any CPU.ActiveCfg = Debug|Any CPU
		{11234C13-539B-4947-82FD-80B5464D3394}.Debug|Any CPU.Build.0 = Debug|Any CPU
		{11234C13-539B-4947-82FD-80B5464D3394}.Release|Any CPU.ActiveCfg = Release|Any CPU
		{11234C13-539B-4947-82FD-80B5464D3394}.Release|Any CPU.Build.0 = Release|Any CPU
	EndGlobalSection
	GlobalSection(SolutionProperties) = preSolution
		HideSolutionNode = FALSE
	EndGlobalSection
	GlobalSection(ExtensibilityGlobals) = postSolution
		SolutionGuid = {A5651D79-7D53-4E6A-A83F-D7F5A47EB20F}
	EndGlobalSection
EndGlobal
